Microsoft Visual Studio Solution File, Format Version 12.00
# Visual Studio Version 17
VisualStudioVersion = 17.14.35906.104
MinimumVisualStudioVersion = 10.0.40219.1
Project("{FAE04EC0-301F-11D3-BF4B-00C04F79EFBC}") = "Lab9", "Lab9\Lab9.csproj", "{010173CC-2967-41B9-9D56-7E0054EEB004}"
EndProject
Project("{FAE04EC0-301F-11D3-BF4B-00C04F79EFBC}") = "Lab9.Tests", "Lab9.Tests\Lab9.Tests.csproj", "{F6811B23-7ADC-4A3C-B955-643A3AC86A4A}"
EndProject
Global
	GlobalSection(SolutionConfigurationPlatforms) = preSolution
		Debug|Any CPU = Debug|Any CPU
		Release|Any CPU = Release|Any CPU
	EndGlobalSection
	GlobalSection(ProjectConfigurationPlatforms) = postSolution
		{010173CC-2967-41B9-9D56-7E0054EEB004}.Debug|Any CPU.ActiveCfg = Debug|Any CPU
		{010173CC-2967-41B9-9D56-7E0054EEB004}.Debug|Any CPU.Build.0 = Debug|Any CPU
		{010173CC-2967-41B9-9D56-7E0054EEB004}.Release|Any CPU.ActiveCfg = Release|Any CPU
		{010173CC-2967-41B9-9D56-7E0054EEB004}.Release|Any CPU.Build.0 = Release|Any CPU
		{F6811B23-7ADC-4A3C-B955-643A3AC86A4A}.Debug|Any CPU.ActiveCfg = Debug|Any CPU
		{F6811B23-7ADC-4A3C-B955-643A3AC86A4A}.Debug|Any CPU.Build.0 = Debug|Any CPU
		{F6811B23-7ADC-4A3C-B955-643A3AC86A4A}.Release|Any CPU.ActiveCfg = Release|Any CPU
		{F6811B23-7ADC-4A3C-B955-643A3AC86A4A}.Release|Any CPU.Build.0 = Release|Any CPU
	EndGlobalSection
	GlobalSection(SolutionProperties) = preSolution
		HideSolutionNode = FALSE
	EndGlobalSection
	GlobalSection(ExtensibilityGlobals) = postSolution
		SolutionGuid = {98861BFF-23BE-42F3-B461-2E0C8BEB4A0B}
	EndGlobalSection
EndGlobal
